# This file is autogenerated, do not edit; changes may be undone by the next 'dep ensure'.


[[projects]]
  digest = "1:fe15592f1ee97e2dc5acdaf5b5423afb145cc2953bff25f8d54b61316c79f59e"
  name = "github.com/araddon/dateparse"
  packages = ["."]
  pruneopts = ""
  revision = "21df004e09ca46e07ce99bbba1e8c2422ba4ecf9"

[[projects]]
  digest = "1:6098222470fe0172157ce9bbef5d2200df4edde17ee649c5d6e48330e4afa4c6"
  name = "github.com/dgrijalva/jwt-go"
  packages = ["."]
  pruneopts = ""
  revision = "06ea1031745cb8b3dab3f6a236daf2b0aa468b7e"
  version = "v3.2.0"

[[projects]]
  digest = "1:d3d38150b6d77b2aad42a9e105170538b6563518993d43df78a1add6e31cce62"
  name = "github.com/golang/protobuf"
  packages = [
    "jsonpb",
    "proto",
    "protoc-gen-go/descriptor",
    "ptypes",
    "ptypes/any",
    "ptypes/duration",
    "ptypes/struct",
    "ptypes/timestamp",
  ]
  pruneopts = ""
  revision = "c823c79ea1570fb5ff454033735a8e68575d1d0f"
  version = "v1.3.0"

[[projects]]
  digest = "1:ad92aa49f34cbc3546063c7eb2cabb55ee2278b72842eda80e2a20a8a06a8d73"
  name = "github.com/google/uuid"
  packages = ["."]
  pruneopts = ""
  revision = "0cd6bf5da1e1c83f8b45653022c74f71af0538a4"
  version = "v1.1.1"

[[projects]]
  digest = "1:dc70bd0ecd18729cf0ecf8828045e185ce0b15084f1bbe250422ab65e6fcd79c"
  name = "github.com/grpc-ecosystem/grpc-gateway"
  packages = [
    "runtime",
    "runtime/internal",
    "utilities",
  ]
  pruneopts = ""
  revision = "aeab1d96e0f1368d243e2e5f526aa29d495517bb"
  version = "v1.5.1"

[[projects]]
  digest = "1:85f8f8d390a03287a563e215ea6bd0610c858042731a8b42062435a0dcbc485f"
  name = "github.com/hashicorp/golang-lru"
  packages = [
    ".",
    "simplelru",
  ]
  pruneopts = ""
  revision = "7087cb70de9f7a8bc0a10c375cb0d2280a8edf9c"
  version = "v0.5.1"

[[projects]]
  digest = "1:b3c5b95e56c06f5aa72cb2500e6ee5f44fcd122872d4fec2023a488e561218bc"
  name = "github.com/hpcloud/tail"
  packages = [
    ".",
    "ratelimiter",
    "util",
    "watch",
    "winfile",
  ]
  pruneopts = ""
  revision = "a30252cb686a21eb2d0b98132633053ec2f7f1e5"
  version = "v1.0.0"

[[projects]]
  digest = "1:870d441fe217b8e689d7949fef6e43efbc787e50f200cb1e70dbca9204a1d6be"
  name = "github.com/inconshreveable/mousetrap"
  packages = ["."]
  pruneopts = ""
  revision = "76626ae9c91c4f2a10f34cad8ce83ea42c93bb75"
  version = "v1.0"

[[projects]]
  branch = "master"
  digest = "1:66bf7af261ca9dc489aed50ee0e1d2dee5266d54e170235a1d7c340f76380dce"
  name = "github.com/nalej/authx"
  packages = [
    "pkg/interceptor",
    "pkg/interceptor/devinterceptor",
    "pkg/token",
  ]
  pruneopts = ""
  revision = "85bb230b12e6bd477dddea941b4b3c7bbad6658c"

[[projects]]
  digest = "1:0cc441f3dfe124dd74f44dd7e466dfc17cc7edff468094fbc3847a96b5ebf6f7"
  name = "github.com/nalej/derrors"
  packages = ["."]
  pruneopts = ""
  revision = "7a6df7f0bb1c7cddfec82c91119f193f6fcbc9d5"
  version = "v2.0.0"

[[projects]]
  digest = "1:78be745c0683ba966e8aea204315337c74c8e719e34952c53c66d5d148306393"
  name = "github.com/nalej/grpc-application-go"
  packages = ["."]
  pruneopts = ""
  revision = "7769cdfff318a31f0cfef2c42b41a91960a626d6"
  version = "v0.0.55"

[[projects]]
  digest = "1:a7eb4f7cd99e73fd69c09cb64789379a3ee4d27c04f6ce2c0fcedafc297b9c29"
  name = "github.com/nalej/grpc-application-manager-go"
  packages = ["."]
  pruneopts = ""
  revision = "816e9766cef540d1932a1f8a7d18be2c3abee7e6"
  version = "v0.0.28"

[[projects]]
  digest = "1:04ab94c90e7bce3f0ccf049c17c4c784da6819bca629e6ea98dcfe1f9b3a7f7a"
  name = "github.com/nalej/grpc-authx-go"
  packages = ["."]
  pruneopts = ""
  revision = "3982becdfade5f6fe16da9a585747850b61eefa3"
  version = "v0.0.42"

[[projects]]
  digest = "1:46de8e777e399093354063d3df58f7f7c7c3bb5ca64bd4b80fea936d1d70ee02"
  name = "github.com/nalej/grpc-cluster-api-go"
  packages = ["."]
  pruneopts = ""
  revision = "52dea208510b931f8c0bd3ff49d0f29170e595a4"
  version = "v0.0.18"

[[projects]]
  digest = "1:44f7426538411ea9f774f96e3b102decc9f549b188e55e29ecc15be69542a96b"
  name = "github.com/nalej/grpc-common-go"
  packages = ["."]
  pruneopts = ""
  revision = "e1513decc4192934536180d456748a4c3dec0245"
  version = "v0.0.30"

[[projects]]
  digest = "1:fc00ad606e86b3ef82ed233808936d0138a84c4f11d17e55c9ee0e0613343b98"
  name = "github.com/nalej/grpc-conductor-go"
  packages = ["."]
  pruneopts = ""
  revision = "8b67c6639581af49477ef01a8a8959a305c72d68"
  version = "v0.0.86"

[[projects]]
  digest = "1:8f1edf5c58d91034b9d696926aeddada013e74e3c92399f0241aa5f43869b20f"
  name = "github.com/nalej/grpc-device-controller-go"
  packages = ["."]
  pruneopts = ""
  revision = "0abccea18e06fdfa1c4519c16a2ce4d9d7e26b7f"
  version = "v0.0.6"

[[projects]]
  digest = "1:3762fb9d9161d88feb78fc50307e41d699453fbb5f10b722c34820969bc0aca7"
  name = "github.com/nalej/grpc-device-go"
  packages = ["."]
  pruneopts = ""
  revision = "ef853a07a181e4c593c5063840bff3744ac115eb"
  version = "v0.0.32"

[[projects]]
  digest = "1:92df2be45e341ebe23c6b4137ddd489b7d45be3dfcd64e451e954a5df4e0258c"
  name = "github.com/nalej/grpc-device-manager-go"
  packages = ["."]
  pruneopts = ""
  revision = "ed10c3e3f5e2611068930c4f1442f37a93efde7f"
  version = "v0.0.6"

[[projects]]
  digest = "1:6973c345abcc2530f5ae4ddaa179521470a37b9cc8a2b7568227190df7f381e2"
  name = "github.com/nalej/grpc-infrastructure-go"
  packages = ["."]
  pruneopts = ""
  revision = "ea9783c67dc5bf7f6429935c0fdc59eee3f361e1"
  version = "v0.0.32"

[[projects]]
  digest = "1:6f6a03275fc3a45ec334a01b6211a1cf75464049555579145cb92dff8da343fb"
  name = "github.com/nalej/grpc-infrastructure-manager-go"
  packages = ["."]
  pruneopts = ""
  revision = "aa88cd8f52fdc43484bbaebb79047b4541ac6294"
  version = "v0.0.30"

[[projects]]
  digest = "1:81a0791a98c0811f3dde087abd4275721d9e659183dd858d3b94f264a34f3432"
  name = "github.com/nalej/grpc-installer-go"
  packages = ["."]
  pruneopts = ""
  revision = "78ba77d976d49fd2f58fcfb4c54d972ce5cfc08f"
  version = "v0.0.30"

[[projects]]
  digest = "1:858ed50179eb722fdf9a577f37186f7a932304d32d2b4a49f8b58c06266a43e1"
  name = "github.com/nalej/grpc-login-api-go"
  packages = ["."]
  pruneopts = ""
  revision = "f9b38bbf198bc518f7906c8d7e16dd4e5c8ee3b0"
  version = "v0.0.21"

[[projects]]
  digest = "1:06946c8f73e61dd1585d9de58d7c89d4acc28a868c7531f86113eb46bc3a8adf"
  name = "github.com/nalej/grpc-network-go"
  packages = ["."]
  pruneopts = ""
  revision = "b206784fef662f5daafa38306b9cbe6d9a0d4db3"
  version = "v0.0.30"

[[projects]]
  digest = "1:9921e275160e1559963d6452a918027db3563746fd03f63369ab104c0fbf16bf"
  name = "github.com/nalej/grpc-organization-go"
  packages = ["."]
  pruneopts = ""
  revision = "c571882666c05213df408ae9da8ab08f71a7a7bb"
  version = "v0.0.28"

[[projects]]
  digest = "1:6397671da6afd522ebbfdcf66c924f36885ef1b723c2805127c952a1133314a2"
  name = "github.com/nalej/grpc-public-api-go"
  packages = ["."]
  pruneopts = ""
  revision = "b8485c55795c2601eabc15b42f9cf52276e66c48"
  version = "v0.0.48"

[[projects]]
  digest = "1:e179c2d070921679d6497c5df13b3ccb5812a57258b0871efd8cd484f5cdd2a6"
  name = "github.com/nalej/grpc-unified-logging-go"
  packages = ["."]
  pruneopts = ""
  revision = "60f3e95c13426997010080b7170dfcde1fd6a0b2"
  version = "v0.0.2"

[[projects]]
  digest = "1:2b6ef08f73e4e40c25b3cbe313d9727cf01210696fe73af5a03231f5a1a4fb21"
  name = "github.com/nalej/grpc-user-go"
  packages = ["."]
  pruneopts = ""
  revision = "8ecd6a2ce62ad6167d10288c5decd043bfb0ac72"
  version = "v0.0.29"

[[projects]]
  digest = "1:4c09c5e7ee1daa8e85927a745dc6c928ee2da9f7be3820c35ab1649d15ab5783"
  name = "github.com/nalej/grpc-user-manager-go"
  packages = ["."]
  pruneopts = ""
  revision = "647ceab0fbdf42fea3148ef2be4a13b4776a0a8f"
  version = "v0.0.27"

[[projects]]
  digest = "1:a55e0792c0a632d14fc0f7a1c4b55ed2973189c2267d7197c2e13b1a44371466"
  name = "github.com/nalej/grpc-utils"
  packages = [
    "pkg/conversions",
    "pkg/test",
    "pkg/tools",
  ]
  pruneopts = ""
  revision = "3763d699ec598000c8095dc4d2e86a3ec0a169ff"
  version = "v1.3.1"

[[projects]]
  digest = "1:a754db3c70741eeaeba73ec4cd970dc8918d06ced993d24891e9c0386d74f588"
  name = "github.com/onsi/ginkgo"
  packages = [
    ".",
    "config",
    "internal/codelocation",
    "internal/containernode",
    "internal/failer",
    "internal/leafnodes",
    "internal/remote",
    "internal/spec",
    "internal/spec_iterator",
    "internal/specrunner",
    "internal/suite",
    "internal/testingtproxy",
    "internal/writer",
    "reporters",
    "reporters/stenographer",
    "reporters/stenographer/support/go-colorable",
    "reporters/stenographer/support/go-isatty",
    "types",
  ]
  pruneopts = ""
  revision = "2e1be8f7d90e9d3e3e58b0ce470f2f14d075406f"
  version = "v1.7.0"

[[projects]]
  digest = "1:c8f0c8c28c9c1c51db72d0e7f04797cfe5d0d50528274099b6b2d6c314db7f97"
  name = "github.com/onsi/gomega"
  packages = [
    ".",
    "format",
    "internal/assertion",
    "internal/asyncassertion",
    "internal/oraclematcher",
    "internal/testingtsupport",
    "matchers",
    "matchers/support/goraph/bipartitegraph",
    "matchers/support/goraph/edge",
    "matchers/support/goraph/node",
    "matchers/support/goraph/util",
    "types",
  ]
  pruneopts = ""
  revision = "65fb64232476ad9046e57c26cd0bff3d3a8dc6cd"
  version = "v1.4.3"

[[projects]]
  digest = "1:36de4f001b7f3fca448ba85270a4de8854f5abcb97d02d57be7fd6fc4a39d259"
  name = "github.com/rs/zerolog"
  packages = [
    ".",
    "internal/cbor",
    "internal/json",
    "log",
  ]
  pruneopts = ""
  revision = "6d6350a51143b5c0d0a6a3b736ee2b41315f7269"
  version = "v1.12.0"

[[projects]]
  digest = "1:a1403cc8a94b8d7956ee5e9694badef0e7b051af289caad1cf668331e3ffa4f6"
  name = "github.com/spf13/cobra"
  packages = ["."]
  pruneopts = ""
  revision = "ef82de70bb3f60c65fb8eebacbb2d122ef517385"
  version = "v0.0.3"

[[projects]]
  digest = "1:cbaf13cdbfef0e4734ed8a7504f57fe893d471d62a35b982bf6fb3f036449a66"
  name = "github.com/spf13/pflag"
  packages = ["."]
  pruneopts = ""
  revision = "298182f68c66c05229eb03ac171abe6e309ee79a"
  version = "v1.0.3"

[[projects]]
  branch = "master"
  digest = "1:7489cf41e267d966cbc16d9b98622e7124818af9339d5466aaec4fc736c404c0"
  name = "golang.org/x/net"
  packages = [
    "context",
    "html",
    "html/atom",
    "html/charset",
    "http/httpguts",
    "http2",
    "http2/hpack",
    "idna",
    "internal/timeseries",
    "trace",
  ]
  pruneopts = ""
  revision = "16b79f2e4e95ea23b2bf9903c9809ff7b013ce85"

[[projects]]
  branch = "master"
  digest = "1:acd61a173af5a8fc666328598f3aed921b0947ff2da2eeb548f7ba77e9a0cbd0"
  name = "golang.org/x/sys"
  packages = ["unix"]
  pruneopts = ""
  revision = "b294cbcfc56d2a65a30c02c78722b5df061e99b8"

[[projects]]
  digest = "1:5acd3512b047305d49e8763eef7ba423901e85d5dd2fd1e71778a0ea8de10bd4"
  name = "golang.org/x/text"
  packages = [
    "collate",
    "collate/build",
    "encoding",
    "encoding/charmap",
    "encoding/htmlindex",
    "encoding/internal",
    "encoding/internal/identifier",
    "encoding/japanese",
    "encoding/korean",
    "encoding/simplifiedchinese",
    "encoding/traditionalchinese",
    "encoding/unicode",
    "internal/colltab",
    "internal/gen",
    "internal/tag",
    "internal/triegen",
    "internal/ucd",
    "internal/utf8internal",
    "language",
    "runes",
    "secure/bidirule",
    "transform",
    "unicode/bidi",
    "unicode/cldr",
    "unicode/norm",
    "unicode/rangetable",
  ]
  pruneopts = ""
  revision = "f21a4dfb5e38f5895301dc265a8def02365cc3d0"
  version = "v0.3.0"

[[projects]]
  branch = "master"
  digest = "1:4ade19a0f34739fa22227cd9d2018e0dd7c119171c93d76434421e54d54792b6"
  name = "google.golang.org/genproto"
  packages = [
    "googleapis/api/annotations",
    "googleapis/rpc/errdetails",
    "googleapis/rpc/status",
  ]
  pruneopts = ""
  revision = "6e86cb5d2f12401bdd82a5eccbd701b5a697e63e"

[[projects]]
  digest = "1:b6c17b0c657f047118ae59b358950b28515914512cf3de02388cc42e33a92520"
  name = "google.golang.org/grpc"
  packages = [
    ".",
    "balancer",
    "balancer/base",
    "balancer/roundrobin",
    "binarylog/grpc_binarylog_v1",
    "codes",
    "connectivity",
    "credentials",
    "credentials/internal",
    "encoding",
    "encoding/proto",
    "grpclog",
    "internal",
    "internal/backoff",
    "internal/binarylog",
    "internal/channelz",
    "internal/envconfig",
    "internal/grpcrand",
    "internal/grpcsync",
    "internal/syscall",
    "internal/transport",
    "keepalive",
    "metadata",
    "naming",
    "peer",
    "reflection",
    "reflection/grpc_reflection_v1alpha",
    "resolver",
    "resolver/dns",
    "resolver/passthrough",
    "stats",
    "status",
    "tap",
    "test/bufconn",
  ]
  pruneopts = ""
  revision = "2fdaae294f38ed9a121193c51ec99fecd3b13eb7"
  version = "v1.19.0"

[[projects]]
  digest = "1:eb53021a8aa3f599d29c7102e65026242bdedce998a54837dc67f14b6a97c5fd"
  name = "gopkg.in/fsnotify.v1"
  packages = ["."]
  pruneopts = ""
  revision = "c2828203cd70a50dcccfb2761f8b1f8ceef9a8e9"
  source = "https://github.com/fsnotify/fsnotify/archive/v1.4.7.tar.gz"
  version = "v1.4.7"

[[projects]]
  branch = "v1"
  digest = "1:a96d16bd088460f2e0685d46c39bcf1208ba46e0a977be2df49864ec7da447dd"
  name = "gopkg.in/tomb.v1"
  packages = ["."]
  pruneopts = ""
  revision = "dd632973f1e7218eb1089048e0798ec9ae7dceb8"

[[projects]]
  digest = "1:cedccf16b71e86db87a24f8d4c70b0a855872eb967cb906a66b95de56aefbd0d"
  name = "gopkg.in/yaml.v2"
  packages = ["."]
  pruneopts = ""
  revision = "51d6538a90f86fe93ac480b35f37b2be17fef232"
  version = "v2.2.2"

[solve-meta]
  analyzer-name = "dep"
  analyzer-version = 1
  input-imports = [
    "github.com/araddon/dateparse",
    "github.com/dgrijalva/jwt-go",
    "github.com/golang/protobuf/ptypes",
    "github.com/golang/protobuf/ptypes/timestamp",
    "github.com/google/uuid",
    "github.com/grpc-ecosystem/grpc-gateway/runtime",
    "github.com/nalej/authx/pkg/interceptor",
    "github.com/nalej/authx/pkg/token",
    "github.com/nalej/derrors",
    "github.com/nalej/grpc-application-go",
    "github.com/nalej/grpc-application-manager-go",
    "github.com/nalej/grpc-authx-go",
    "github.com/nalej/grpc-common-go",
    "github.com/nalej/grpc-conductor-go",
    "github.com/nalej/grpc-device-controller-go",
    "github.com/nalej/grpc-device-go",
    "github.com/nalej/grpc-device-manager-go",
    "github.com/nalej/grpc-infrastructure-go",
    "github.com/nalej/grpc-infrastructure-manager-go",
    "github.com/nalej/grpc-installer-go",
    "github.com/nalej/grpc-login-api-go",
    "github.com/nalej/grpc-organization-go",
    "github.com/nalej/grpc-public-api-go",
    "github.com/nalej/grpc-unified-logging-go",
    "github.com/nalej/grpc-user-go",
    "github.com/nalej/grpc-user-manager-go",
    "github.com/nalej/grpc-utils/pkg/conversions",
    "github.com/nalej/grpc-utils/pkg/test",
    "github.com/nalej/grpc-utils/pkg/tools",
    "github.com/onsi/ginkgo",
    "github.com/onsi/gomega",
    "github.com/rs/zerolog",
    "github.com/rs/zerolog/log",
    "github.com/spf13/cobra",
    "google.golang.org/grpc",
    "google.golang.org/grpc/credentials",
    "google.golang.org/grpc/metadata",
    "google.golang.org/grpc/reflection",
    "google.golang.org/grpc/test/bufconn",
  ]
  solver-name = "gps-cdcl"
  solver-version = 1
